
Microsoft Visual Studio Solution File, Format Version 12.00
# Visual Studio 15
VisualStudioVersion = 15.0.28307.329
MinimumVisualStudioVersion = 10.0.40219.1
Project("{FAE04EC0-301F-11D3-BF4B-00C04F79EFBC}") = "Task_2_Prime2", "Task_2_Prime2\Task_2_Prime2.csproj", "{95123D45-DE16-4D93-8F65-A56E6B64305F}"
EndProject
Global
	GlobalSection(SolutionConfigurationPlatforms) = preSolution
		Debug|Any CPU = Debug|Any CPU
		Release|Any CPU = Release|Any CPU
	EndGlobalSection
	GlobalSection(ProjectConfigurationPlatforms) = postSolution
		{95123D45-DE16-4D93-8F65-A56E6B64305F}.Debug|Any CPU.ActiveCfg = Debug|Any CPU
		{95123D45-DE16-4D93-8F65-A56E6B64305F}.Debug|Any CPU.Build.0 = Debug|Any CPU
		{95123D45-DE16-4D93-8F65-A56E6B64305F}.Release|Any CPU.ActiveCfg = Release|Any CPU
		{95123D45-DE16-4D93-8F65-A56E6B64305F}.Release|Any CPU.Build.0 = Release|Any CPU
	EndGlobalSection
	GlobalSection(SolutionProperties) = preSolution
		HideSolutionNode = FALSE
	EndGlobalSection
	GlobalSection(ExtensibilityGlobals) = postSolution
		SolutionGuid = {7C42F2F2-B979-4745-AA74-42BF2C261D38}
	EndGlobalSection
EndGlobal
