
Microsoft Visual Studio Solution File, Format Version 12.00
# Visual Studio 15
VisualStudioVersion = 15.0.28307.329
MinimumVisualStudioVersion = 10.0.40219.1
Project("{FAE04EC0-301F-11D3-BF4B-00C04F79EFBC}") = "Task_1_Prime", "Task_1_Prime\Task_1_Prime.csproj", "{29C7ECDE-1346-4D90-A952-DC68F130CDBC}"
EndProject
Global
	GlobalSection(SolutionConfigurationPlatforms) = preSolution
		Debug|Any CPU = Debug|Any CPU
		Release|Any CPU = Release|Any CPU
	EndGlobalSection
	GlobalSection(ProjectConfigurationPlatforms) = postSolution
		{29C7ECDE-1346-4D90-A952-DC68F130CDBC}.Debug|Any CPU.ActiveCfg = Debug|Any CPU
		{29C7ECDE-1346-4D90-A952-DC68F130CDBC}.Debug|Any CPU.Build.0 = Debug|Any CPU
		{29C7ECDE-1346-4D90-A952-DC68F130CDBC}.Release|Any CPU.ActiveCfg = Release|Any CPU
		{29C7ECDE-1346-4D90-A952-DC68F130CDBC}.Release|Any CPU.Build.0 = Release|Any CPU
	EndGlobalSection
	GlobalSection(SolutionProperties) = preSolution
		HideSolutionNode = FALSE
	EndGlobalSection
	GlobalSection(ExtensibilityGlobals) = postSolution
		SolutionGuid = {DC28B24F-818B-4DE9-9250-7B397639598C}
	EndGlobalSection
EndGlobal
