
Microsoft Visual Studio Solution File, Format Version 12.00
# Visual Studio 15
VisualStudioVersion = 15.0.28307.329
MinimumVisualStudioVersion = 10.0.40219.1
Project("{FAE04EC0-301F-11D3-BF4B-00C04F79EFBC}") = "Compex number_serialize_deserialize", "Compex number_serialize_deserialize\Compex number_serialize_deserialize.csproj", "{04D2B21F-B0A7-42AE-A9D1-5DBB2039DF19}"
EndProject
Global
	GlobalSection(SolutionConfigurationPlatforms) = preSolution
		Debug|Any CPU = Debug|Any CPU
		Release|Any CPU = Release|Any CPU
	EndGlobalSection
	GlobalSection(ProjectConfigurationPlatforms) = postSolution
		{04D2B21F-B0A7-42AE-A9D1-5DBB2039DF19}.Debug|Any CPU.ActiveCfg = Debug|Any CPU
		{04D2B21F-B0A7-42AE-A9D1-5DBB2039DF19}.Debug|Any CPU.Build.0 = Debug|Any CPU
		{04D2B21F-B0A7-42AE-A9D1-5DBB2039DF19}.Release|Any CPU.ActiveCfg = Release|Any CPU
		{04D2B21F-B0A7-42AE-A9D1-5DBB2039DF19}.Release|Any CPU.Build.0 = Release|Any CPU
	EndGlobalSection
	GlobalSection(SolutionProperties) = preSolution
		HideSolutionNode = FALSE
	EndGlobalSection
	GlobalSection(ExtensibilityGlobals) = postSolution
		SolutionGuid = {C740883A-7AE3-421F-A71A-43CED6C96914}
	EndGlobalSection
EndGlobal
