
Microsoft Visual Studio Solution File, Format Version 12.00
# Visual Studio 15
VisualStudioVersion = 15.0.28307.329
MinimumVisualStudioVersion = 10.0.40219.1
Project("{FAE04EC0-301F-11D3-BF4B-00C04F79EFBC}") = "Task_4_Stars", "Task_4_Stars\Task_4_Stars.csproj", "{99BE2A96-A824-4DAF-A2DC-2FAF8F4F7ACB}"
EndProject
Global
	GlobalSection(SolutionConfigurationPlatforms) = preSolution
		Debug|Any CPU = Debug|Any CPU
		Release|Any CPU = Release|Any CPU
	EndGlobalSection
	GlobalSection(ProjectConfigurationPlatforms) = postSolution
		{99BE2A96-A824-4DAF-A2DC-2FAF8F4F7ACB}.Debug|Any CPU.ActiveCfg = Debug|Any CPU
		{99BE2A96-A824-4DAF-A2DC-2FAF8F4F7ACB}.Debug|Any CPU.Build.0 = Debug|Any CPU
		{99BE2A96-A824-4DAF-A2DC-2FAF8F4F7ACB}.Release|Any CPU.ActiveCfg = Release|Any CPU
		{99BE2A96-A824-4DAF-A2DC-2FAF8F4F7ACB}.Release|Any CPU.Build.0 = Release|Any CPU
	EndGlobalSection
	GlobalSection(SolutionProperties) = preSolution
		HideSolutionNode = FALSE
	EndGlobalSection
	GlobalSection(ExtensibilityGlobals) = postSolution
		SolutionGuid = {767A3000-7B72-437A-A426-D5B3E3509A22}
	EndGlobalSection
EndGlobal
