
Microsoft Visual Studio Solution File, Format Version 12.00
# Visual Studio 15
VisualStudioVersion = 15.0.28307.329
MinimumVisualStudioVersion = 10.0.40219.1
Project("{FAE04EC0-301F-11D3-BF4B-00C04F79EFBC}") = "Graphics_lab", "Graphics_lab\Graphics_lab.csproj", "{FF143E5E-7B21-4537-ABDD-770406D4F34F}"
EndProject
Global
	GlobalSection(SolutionConfigurationPlatforms) = preSolution
		Debug|Any CPU = Debug|Any CPU
		Release|Any CPU = Release|Any CPU
	EndGlobalSection
	GlobalSection(ProjectConfigurationPlatforms) = postSolution
		{FF143E5E-7B21-4537-ABDD-770406D4F34F}.Debug|Any CPU.ActiveCfg = Debug|Any CPU
		{FF143E5E-7B21-4537-ABDD-770406D4F34F}.Debug|Any CPU.Build.0 = Debug|Any CPU
		{FF143E5E-7B21-4537-ABDD-770406D4F34F}.Release|Any CPU.ActiveCfg = Release|Any CPU
		{FF143E5E-7B21-4537-ABDD-770406D4F34F}.Release|Any CPU.Build.0 = Release|Any CPU
	EndGlobalSection
	GlobalSection(SolutionProperties) = preSolution
		HideSolutionNode = FALSE
	EndGlobalSection
	GlobalSection(ExtensibilityGlobals) = postSolution
		SolutionGuid = {478A3EBA-F2C2-4C0D-B16D-D0FADB46643D}
	EndGlobalSection
EndGlobal
