
Microsoft Visual Studio Solution File, Format Version 12.00
# Visual Studio 15
VisualStudioVersion = 15.0.28307.329
MinimumVisualStudioVersion = 10.0.40219.1
Project("{FAE04EC0-301F-11D3-BF4B-00C04F79EFBC}") = "Task_2_secondversion", "Task_2_secondversion\Task_2_secondversion.csproj", "{B3F93F31-B456-4DCB-9568-59344B3F6CCD}"
EndProject
Global
	GlobalSection(SolutionConfigurationPlatforms) = preSolution
		Debug|Any CPU = Debug|Any CPU
		Release|Any CPU = Release|Any CPU
	EndGlobalSection
	GlobalSection(ProjectConfigurationPlatforms) = postSolution
		{B3F93F31-B456-4DCB-9568-59344B3F6CCD}.Debug|Any CPU.ActiveCfg = Debug|Any CPU
		{B3F93F31-B456-4DCB-9568-59344B3F6CCD}.Debug|Any CPU.Build.0 = Debug|Any CPU
		{B3F93F31-B456-4DCB-9568-59344B3F6CCD}.Release|Any CPU.ActiveCfg = Release|Any CPU
		{B3F93F31-B456-4DCB-9568-59344B3F6CCD}.Release|Any CPU.Build.0 = Release|Any CPU
	EndGlobalSection
	GlobalSection(SolutionProperties) = preSolution
		HideSolutionNode = FALSE
	EndGlobalSection
	GlobalSection(ExtensibilityGlobals) = postSolution
		SolutionGuid = {0E542E4F-95EC-4084-AD2D-B1B15E35806B}
	EndGlobalSection
EndGlobal
