
Microsoft Visual Studio Solution File, Format Version 12.00
# Visual Studio 15
VisualStudioVersion = 15.0.28307.329
MinimumVisualStudioVersion = 10.0.40219.1
Project("{FAE04EC0-301F-11D3-BF4B-00C04F79EFBC}") = "Thread_lab_task1", "Thread_lab_task1\Thread_lab_task1.csproj", "{B20915A1-408F-4DF5-A4B1-E13BAE3EF32D}"
EndProject
Global
	GlobalSection(SolutionConfigurationPlatforms) = preSolution
		Debug|Any CPU = Debug|Any CPU
		Release|Any CPU = Release|Any CPU
	EndGlobalSection
	GlobalSection(ProjectConfigurationPlatforms) = postSolution
		{B20915A1-408F-4DF5-A4B1-E13BAE3EF32D}.Debug|Any CPU.ActiveCfg = Debug|Any CPU
		{B20915A1-408F-4DF5-A4B1-E13BAE3EF32D}.Debug|Any CPU.Build.0 = Debug|Any CPU
		{B20915A1-408F-4DF5-A4B1-E13BAE3EF32D}.Release|Any CPU.ActiveCfg = Release|Any CPU
		{B20915A1-408F-4DF5-A4B1-E13BAE3EF32D}.Release|Any CPU.Build.0 = Release|Any CPU
	EndGlobalSection
	GlobalSection(SolutionProperties) = preSolution
		HideSolutionNode = FALSE
	EndGlobalSection
	GlobalSection(ExtensibilityGlobals) = postSolution
		SolutionGuid = {679ABC7F-D024-4F0C-9247-E3EED8456861}
	EndGlobalSection
EndGlobal
