
Microsoft Visual Studio Solution File, Format Version 12.00
# Visual Studio 15
VisualStudioVersion = 15.0.28307.329
MinimumVisualStudioVersion = 10.0.40219.1
Project("{FAE04EC0-301F-11D3-BF4B-00C04F79EFBC}") = "Thread_lab_task2", "Thread_lab_task2\Thread_lab_task2.csproj", "{F262BF34-D7AC-4746-9BEB-0EA04174A706}"
EndProject
Global
	GlobalSection(SolutionConfigurationPlatforms) = preSolution
		Debug|Any CPU = Debug|Any CPU
		Release|Any CPU = Release|Any CPU
	EndGlobalSection
	GlobalSection(ProjectConfigurationPlatforms) = postSolution
		{F262BF34-D7AC-4746-9BEB-0EA04174A706}.Debug|Any CPU.ActiveCfg = Debug|Any CPU
		{F262BF34-D7AC-4746-9BEB-0EA04174A706}.Debug|Any CPU.Build.0 = Debug|Any CPU
		{F262BF34-D7AC-4746-9BEB-0EA04174A706}.Release|Any CPU.ActiveCfg = Release|Any CPU
		{F262BF34-D7AC-4746-9BEB-0EA04174A706}.Release|Any CPU.Build.0 = Release|Any CPU
	EndGlobalSection
	GlobalSection(SolutionProperties) = preSolution
		HideSolutionNode = FALSE
	EndGlobalSection
	GlobalSection(ExtensibilityGlobals) = postSolution
		SolutionGuid = {D484895D-33B1-4F28-B8D3-048F5C1431E5}
	EndGlobalSection
EndGlobal
